
Microsoft Visual Studio Solution File, Format Version 12.00
# Visual Studio Version 16
VisualStudioVersion = 16.0.30011.22
MinimumVisualStudioVersion = 10.0.40219.1
Project("{8BC9CEB8-8B4A-11D0-8D11-00A0C91BC942}") = "InjBot", "InjBot\InjBot.vcxproj", "{77E0B459-3E73-45C0-B6F7-1D7B5C8EF4F9}"
EndProject
Global
	GlobalSection(SolutionConfigurationPlatforms) = preSolution
		Debug|x64 = Debug|x64
		Debug|x86 = Debug|x86
		Release|x64 = Release|x64
		Release|x86 = Release|x86
	EndGlobalSection
	GlobalSection(ProjectConfigurationPlatforms) = postSolution
		{77E0B459-3E73-45C0-B6F7-1D7B5C8EF4F9}.Debug|x64.ActiveCfg = Debug|x64
		{77E0B459-3E73-45C0-B6F7-1D7B5C8EF4F9}.Debug|x64.Build.0 = Debug|x64
		{77E0B459-3E73-45C0-B6F7-1D7B5C8EF4F9}.Debug|x86.ActiveCfg = Debug|Win32
		{77E0B459-3E73-45C0-B6F7-1D7B5C8EF4F9}.Debug|x86.Build.0 = Debug|Win32
		{77E0B459-3E73-45C0-B6F7-1D7B5C8EF4F9}.Release|x64.ActiveCfg = Release|x64
		{77E0B459-3E73-45C0-B6F7-1D7B5C8EF4F9}.Release|x64.Build.0 = Release|x64
		{77E0B459-3E73-45C0-B6F7-1D7B5C8EF4F9}.Release|x86.ActiveCfg = Release|Win32
		{77E0B459-3E73-45C0-B6F7-1D7B5C8EF4F9}.Release|x86.Build.0 = Release|Win32
	EndGlobalSection
	GlobalSection(SolutionProperties) = preSolution
		HideSolutionNode = FALSE
	EndGlobalSection
	GlobalSection(ExtensibilityGlobals) = postSolution
		SolutionGuid = {7A80E98B-2577-4C21-B77E-BBC78335C428}
	EndGlobalSection
EndGlobal
